
Microsoft Visual Studio Solution File, Format Version 12.00
# Visual Studio Version 17
VisualStudioVersion = 17.8.34408.163
MinimumVisualStudioVersion = 10.0.40219.1
Project("{9A19103F-16F7-4668-BE54-9A1E7A4F7556}") = "ChatClientGTK", "ChatClientGTK\ChatClientGTK.csproj", "{93CD5C31-BCA6-43F0-8635-8843E2C13541}"
EndProject
Project("{9A19103F-16F7-4668-BE54-9A1E7A4F7556}") = "model", "model\model.csproj", "{D8C92972-FF95-4B6A-9ABD-91BF690125F8}"
EndProject
Project("{9A19103F-16F7-4668-BE54-9A1E7A4F7556}") = "services", "services\services.csproj", "{ED30C828-A231-437A-8916-277636510BC6}"
EndProject
Project("{9A19103F-16F7-4668-BE54-9A1E7A4F7556}") = "persistence", "persistence\persistence.csproj", "{C2529B12-9762-41BB-991C-D1B12D62535A}"
EndProject
Project("{9A19103F-16F7-4668-BE54-9A1E7A4F7556}") = "server", "server\server.csproj", "{0BCF006B-79CB-4801-98C4-3F10680895E7}"
EndProject
Project("{9A19103F-16F7-4668-BE54-9A1E7A4F7556}") = "networking", "networking\networking.csproj", "{F0CEF903-9962-4BB1-B4F4-F26A0195A429}"
EndProject
Project("{FAE04EC0-301F-11D3-BF4B-00C04F79EFBC}") = "CursaRestClient", "CursaRestClient\CursaRestClient.csproj", "{6A9863E2-02DC-4B7E-AC70-9D5854C29F71}"
EndProject
Global
	GlobalSection(SolutionConfigurationPlatforms) = preSolution
		Debug|Any CPU = Debug|Any CPU
		Release|Any CPU = Release|Any CPU
	EndGlobalSection
	GlobalSection(ProjectConfigurationPlatforms) = postSolution
		{93CD5C31-BCA6-43F0-8635-8843E2C13541}.Debug|Any CPU.ActiveCfg = Debug|Any CPU
		{93CD5C31-BCA6-43F0-8635-8843E2C13541}.Debug|Any CPU.Build.0 = Debug|Any CPU
		{93CD5C31-BCA6-43F0-8635-8843E2C13541}.Release|Any CPU.ActiveCfg = Release|Any CPU
		{93CD5C31-BCA6-43F0-8635-8843E2C13541}.Release|Any CPU.Build.0 = Release|Any CPU
		{D8C92972-FF95-4B6A-9ABD-91BF690125F8}.Debug|Any CPU.ActiveCfg = Debug|Any CPU
		{D8C92972-FF95-4B6A-9ABD-91BF690125F8}.Debug|Any CPU.Build.0 = Debug|Any CPU
		{D8C92972-FF95-4B6A-9ABD-91BF690125F8}.Release|Any CPU.ActiveCfg = Release|Any CPU
		{D8C92972-FF95-4B6A-9ABD-91BF690125F8}.Release|Any CPU.Build.0 = Release|Any CPU
		{ED30C828-A231-437A-8916-277636510BC6}.Debug|Any CPU.ActiveCfg = Debug|Any CPU
		{ED30C828-A231-437A-8916-277636510BC6}.Debug|Any CPU.Build.0 = Debug|Any CPU
		{ED30C828-A231-437A-8916-277636510BC6}.Release|Any CPU.ActiveCfg = Release|Any CPU
		{ED30C828-A231-437A-8916-277636510BC6}.Release|Any CPU.Build.0 = Release|Any CPU
		{C2529B12-9762-41BB-991C-D1B12D62535A}.Debug|Any CPU.ActiveCfg = Debug|Any CPU
		{C2529B12-9762-41BB-991C-D1B12D62535A}.Debug|Any CPU.Build.0 = Debug|Any CPU
		{C2529B12-9762-41BB-991C-D1B12D62535A}.Release|Any CPU.ActiveCfg = Release|Any CPU
		{C2529B12-9762-41BB-991C-D1B12D62535A}.Release|Any CPU.Build.0 = Release|Any CPU
		{0BCF006B-79CB-4801-98C4-3F10680895E7}.Debug|Any CPU.ActiveCfg = Debug|Any CPU
		{0BCF006B-79CB-4801-98C4-3F10680895E7}.Debug|Any CPU.Build.0 = Debug|Any CPU
		{0BCF006B-79CB-4801-98C4-3F10680895E7}.Release|Any CPU.ActiveCfg = Release|Any CPU
		{0BCF006B-79CB-4801-98C4-3F10680895E7}.Release|Any CPU.Build.0 = Release|Any CPU
		{F0CEF903-9962-4BB1-B4F4-F26A0195A429}.Debug|Any CPU.ActiveCfg = Debug|Any CPU
		{F0CEF903-9962-4BB1-B4F4-F26A0195A429}.Debug|Any CPU.Build.0 = Debug|Any CPU
		{F0CEF903-9962-4BB1-B4F4-F26A0195A429}.Release|Any CPU.ActiveCfg = Release|Any CPU
		{F0CEF903-9962-4BB1-B4F4-F26A0195A429}.Release|Any CPU.Build.0 = Release|Any CPU
		{6A9863E2-02DC-4B7E-AC70-9D5854C29F71}.Debug|Any CPU.ActiveCfg = Debug|Any CPU
		{6A9863E2-02DC-4B7E-AC70-9D5854C29F71}.Debug|Any CPU.Build.0 = Debug|Any CPU
		{6A9863E2-02DC-4B7E-AC70-9D5854C29F71}.Release|Any CPU.ActiveCfg = Release|Any CPU
		{6A9863E2-02DC-4B7E-AC70-9D5854C29F71}.Release|Any CPU.Build.0 = Release|Any CPU
	EndGlobalSection
	GlobalSection(SolutionProperties) = preSolution
		HideSolutionNode = FALSE
	EndGlobalSection
EndGlobal
